
Microsoft Visual Studio Solution File, Format Version 12.00
# Visual Studio Version 16
VisualStudioVersion = 16.0.30002.166
MinimumVisualStudioVersion = 10.0.40219.1
Project("{9A19103F-16F7-4668-BE54-9A1E7A4F7556}") = "CNA-tema1-Server", "CNA-tema1-Server\CNA-tema1-Server.csproj", "{BAF19CF4-875A-4F65-8671-C1BE734A3EDE}"
EndProject
Project("{FAE04EC0-301F-11D3-BF4B-00C04F79EFBC}") = "CNA-tema1-Client", "CNA-tema1-Client\CNA-tema1-Client.csproj", "{B066FA8C-1FAE-4222-A258-B9413BE1D7D0}"
EndProject
Global
	GlobalSection(SolutionConfigurationPlatforms) = preSolution
		Debug|Any CPU = Debug|Any CPU
		Release|Any CPU = Release|Any CPU
	EndGlobalSection
	GlobalSection(ProjectConfigurationPlatforms) = postSolution
		{BAF19CF4-875A-4F65-8671-C1BE734A3EDE}.Debug|Any CPU.ActiveCfg = Debug|Any CPU
		{BAF19CF4-875A-4F65-8671-C1BE734A3EDE}.Debug|Any CPU.Build.0 = Debug|Any CPU
		{BAF19CF4-875A-4F65-8671-C1BE734A3EDE}.Release|Any CPU.ActiveCfg = Release|Any CPU
		{BAF19CF4-875A-4F65-8671-C1BE734A3EDE}.Release|Any CPU.Build.0 = Release|Any CPU
		{B066FA8C-1FAE-4222-A258-B9413BE1D7D0}.Debug|Any CPU.ActiveCfg = Debug|Any CPU
		{B066FA8C-1FAE-4222-A258-B9413BE1D7D0}.Debug|Any CPU.Build.0 = Debug|Any CPU
		{B066FA8C-1FAE-4222-A258-B9413BE1D7D0}.Release|Any CPU.ActiveCfg = Release|Any CPU
		{B066FA8C-1FAE-4222-A258-B9413BE1D7D0}.Release|Any CPU.Build.0 = Release|Any CPU
	EndGlobalSection
	GlobalSection(SolutionProperties) = preSolution
		HideSolutionNode = FALSE
	EndGlobalSection
	GlobalSection(ExtensibilityGlobals) = postSolution
		SolutionGuid = {12FF8381-A67A-4DB6-951A-51E96FF88003}
	EndGlobalSection
EndGlobal
